
Microsoft Visual Studio Solution File, Format Version 12.00
Project("{FAE04EC0-301F-11D3-BF4B-00C04F79EFBC}") = "cook_mod", "cook_mod\cook_mod.csproj", "{12CE32AD-0251-4AB6-A569-D89A9486A366}"
EndProject
Global
	GlobalSection(SolutionConfigurationPlatforms) = preSolution
		Debug|Any CPU = Debug|Any CPU
		ExportDebug|Any CPU = ExportDebug|Any CPU
		ExportRelease|Any CPU = ExportRelease|Any CPU
	EndGlobalSection
	GlobalSection(ProjectConfigurationPlatforms) = postSolution
		{12CE32AD-0251-4AB6-A569-D89A9486A366}.Debug|Any CPU.ActiveCfg = Debug|Any CPU
		{12CE32AD-0251-4AB6-A569-D89A9486A366}.Debug|Any CPU.Build.0 = Debug|Any CPU
		{12CE32AD-0251-4AB6-A569-D89A9486A366}.ExportDebug|Any CPU.ActiveCfg = ExportDebug|Any CPU
		{12CE32AD-0251-4AB6-A569-D89A9486A366}.ExportDebug|Any CPU.Build.0 = ExportDebug|Any CPU
		{12CE32AD-0251-4AB6-A569-D89A9486A366}.ExportRelease|Any CPU.ActiveCfg = ExportRelease|Any CPU
		{12CE32AD-0251-4AB6-A569-D89A9486A366}.ExportRelease|Any CPU.Build.0 = ExportRelease|Any CPU
	EndGlobalSection
EndGlobal
